
Microsoft Visual Studio Solution File, Format Version 12.00
# Visual Studio Version 16
VisualStudioVersion = 16.0.30717.126
MinimumVisualStudioVersion = 10.0.40219.1
Project("{FAE04EC0-301F-11D3-BF4B-00C04F79EFBC}") = "endorfina", "endorfina\endorfina.csproj", "{245171A4-E32B-4F6F-B589-29E4AF41F1DB}"
EndProject
Global
	GlobalSection(SolutionConfigurationPlatforms) = preSolution
		Debug|Any CPU = Debug|Any CPU
		Release|Any CPU = Release|Any CPU
	EndGlobalSection
	GlobalSection(ProjectConfigurationPlatforms) = postSolution
		{245171A4-E32B-4F6F-B589-29E4AF41F1DB}.Debug|Any CPU.ActiveCfg = Debug|Any CPU
		{245171A4-E32B-4F6F-B589-29E4AF41F1DB}.Debug|Any CPU.Build.0 = Debug|Any CPU
		{245171A4-E32B-4F6F-B589-29E4AF41F1DB}.Release|Any CPU.ActiveCfg = Release|Any CPU
		{245171A4-E32B-4F6F-B589-29E4AF41F1DB}.Release|Any CPU.Build.0 = Release|Any CPU
	EndGlobalSection
	GlobalSection(SolutionProperties) = preSolution
		HideSolutionNode = FALSE
	EndGlobalSection
	GlobalSection(ExtensibilityGlobals) = postSolution
		SolutionGuid = {5107AAEB-4EA1-479D-89B6-F5ECE49B246B}
	EndGlobalSection
EndGlobal
