
Microsoft Visual Studio Solution File, Format Version 12.00
# Visual Studio Version 16
VisualStudioVersion = 16.0.30717.126
MinimumVisualStudioVersion = 10.0.40219.1
Project("{FAE04EC0-301F-11D3-BF4B-00C04F79EFBC}") = "Ocitocina", "Ocitocina\Ocitocina.csproj", "{3D275ADA-29AB-4967-B422-9BC5CDCC5C16}"
EndProject
Global
	GlobalSection(SolutionConfigurationPlatforms) = preSolution
		Debug|Any CPU = Debug|Any CPU
		Release|Any CPU = Release|Any CPU
	EndGlobalSection
	GlobalSection(ProjectConfigurationPlatforms) = postSolution
		{3D275ADA-29AB-4967-B422-9BC5CDCC5C16}.Debug|Any CPU.ActiveCfg = Debug|Any CPU
		{3D275ADA-29AB-4967-B422-9BC5CDCC5C16}.Debug|Any CPU.Build.0 = Debug|Any CPU
		{3D275ADA-29AB-4967-B422-9BC5CDCC5C16}.Release|Any CPU.ActiveCfg = Release|Any CPU
		{3D275ADA-29AB-4967-B422-9BC5CDCC5C16}.Release|Any CPU.Build.0 = Release|Any CPU
	EndGlobalSection
	GlobalSection(SolutionProperties) = preSolution
		HideSolutionNode = FALSE
	EndGlobalSection
	GlobalSection(ExtensibilityGlobals) = postSolution
		SolutionGuid = {6F4BD07E-858F-4F06-8DFB-377E167E6796}
	EndGlobalSection
EndGlobal
